<?xml version="1.0" encoding="utf-8"?>
<Project ToolsVersion="4.0" xmlns="http://schemas.microsoft.com/developer/msbuild/2003">
  <ItemGroup>
    <Filter Include="Resource Files">
      <UniqueIdentifier>{67DA6AB6-F800-4c08-8B7A-83BB121AAD01}</UniqueIdentifier>
      <Extensions>rc;ico;cur;bmp;dlg;rc2;rct;bin;rgs;gif;jpg;jpeg;jpe;resx;tiff;tif;png;wav;mfcribbon-ms</Extensions>
    </Filter>
    <Filter Include="Shaders">
      <UniqueIdentifier>{1daddb96-15a9-450c-92b2-fec2b8c71850}</UniqueIdentifier>
    </Filter>
    <Filter Include="Physics">
      <UniqueIdentifier>{8e281a85-92bb-4efe-9e35-5300f4cebcb5}</UniqueIdentifier>
    </Filter>
    <Filter Include="Rendering">
      <UniqueIdentifier>{ed595348-c44a-4203-af53-8e9f670cf0c9}</UniqueIdentifier>
    </Filter>
    <Filter Include="Components">
      <UniqueIdentifier>{153ef5b7-8d68-42e8-899b-21c25aa59d9b}</UniqueIdentifier>
    </Filter>
    <Filter Include="Types">
      <UniqueIdentifier>{19004f93-de56-4500-a8ca-ce00b4f542de}</UniqueIdentifier>
    </Filter>
    <Filter Include="UI">
      <UniqueIdentifier>{f85018ca-a79a-43dc-8574-6a50af0664fa}</UniqueIdentifier>
    </Filter>
    <Filter Include="Input">
      <UniqueIdentifier>{1a471ca7-c49b-4955-b4a3-87fdc3a6f73f}</UniqueIdentifier>
    </Filter>
    <Filter Include="ECS">
      <UniqueIdentifier>{5bec5de3-2573-4ab0-ac63-591b832acd07}</UniqueIdentifier>
    </Filter>
    <Filter Include="Components\Rendering">
      <UniqueIdentifier>{9d96d30e-eb4f-4cfe-a279-e33235786c7e}</UniqueIdentifier>
    </Filter>
    <Filter Include="Components\Physics">
      <UniqueIdentifier>{ec7b6c70-88f6-4530-b9ca-ad35dd08fee9}</UniqueIdentifier>
    </Filter>
    <Filter Include="Scripting">
      <UniqueIdentifier>{3ab7fd29-7ef4-4a4b-b919-36cec64bd1b2}</UniqueIdentifier>
    </Filter>
    <Filter Include="Audio">
      <UniqueIdentifier>{576577dc-891e-40fb-a70d-b402ede7a1dc}</UniqueIdentifier>
    </Filter>
    <Filter Include="Rendering\Helper Classes">
      <UniqueIdentifier>{730e7aaf-cb6c-4eea-a3aa-ca4bdf3ed417}</UniqueIdentifier>
    </Filter>
    <Filter Include="Shaders\Deferred">
      <UniqueIdentifier>{1c769954-8ad8-4c73-a241-ffb8b5d0d1d8}</UniqueIdentifier>
    </Filter>
    <Filter Include="Scripting\Addons">
      <UniqueIdentifier>{a9fc6b40-9b01-4ede-8228-ebe9dada421d}</UniqueIdentifier>
    </Filter>
    <Filter Include="Assets">
      <UniqueIdentifier>{f616ea0c-0a82-4f78-9de3-fd7968a20200}</UniqueIdentifier>
    </Filter>
    <Filter Include="Assets\Importers">
      <UniqueIdentifier>{f2802aea-7dbd-4c88-b414-71ea8ac9d947}</UniqueIdentifier>
    </Filter>
    <Filter Include="Libraries">
      <UniqueIdentifier>{96c64c5f-7bca-4a1c-9d0f-42307273a2f6}</UniqueIdentifier>
    </Filter>
    <Filter Include="Libraries\ImGui">
      <UniqueIdentifier>{b96c1958-6ef8-4aea-a739-bd880e9f266c}</UniqueIdentifier>
    </Filter>
    <Filter Include="Libraries\VK-Bootstrap">
      <UniqueIdentifier>{484cd380-1c92-4f70-86ee-81edf0f8e251}</UniqueIdentifier>
    </Filter>
    <Filter Include="Libraries\VMA">
      <UniqueIdentifier>{33f38952-8e59-4e33-b414-d7753a5bdad9}</UniqueIdentifier>
    </Filter>
    <Filter Include="Physics\CustomPhysics2D">
      <UniqueIdentifier>{33ce4f3a-b719-4696-b905-0f0a0392dffb}</UniqueIdentifier>
    </Filter>
    <Filter Include="Physics\CustomPhysics2D\Shapes">
      <UniqueIdentifier>{2de39666-6781-4374-9e9c-6312a2f3709f}</UniqueIdentifier>
    </Filter>
    <Filter Include="Physics\CustomPhysics2D\Colliders">
      <UniqueIdentifier>{f3961285-1613-4cdf-bc5a-66725870620e}</UniqueIdentifier>
    </Filter>
    <Filter Include="Physics\Box2D">
      <UniqueIdentifier>{30a1567e-9bda-48dd-9393-d97e05743956}</UniqueIdentifier>
    </Filter>
    <Filter Include="Libraries\Box2D">
      <UniqueIdentifier>{04d3e15d-a88b-49a8-a6a2-9a3afd4ffedb}</UniqueIdentifier>
    </Filter>
    <Filter Include="Components\Physics\PuffinPhysics2D">
      <UniqueIdentifier>{8c32c545-fce1-484a-8b83-462b192e05aa}</UniqueIdentifier>
    </Filter>
    <Filter Include="Components\Physics\Box2D">
      <UniqueIdentifier>{c43087e6-6720-43be-845e-4f9c5abd5ef5}</UniqueIdentifier>
    </Filter>
    <Filter Include="UI\Windows">
      <UniqueIdentifier>{443d6f10-db6a-42db-82bc-0bdad2d9023c}</UniqueIdentifier>
    </Filter>
    <Filter Include="Engine">
      <UniqueIdentifier>{89dfe535-7021-4f6c-bf16-5cfff2b0b7b1}</UniqueIdentifier>
    </Filter>
  </ItemGroup>
  <ItemGroup>
    <ClCompile Include="include\vk-boostrap\VkBootstrap.cpp">
      <Filter>Libraries\VK-Bootstrap</Filter>
    </ClCompile>
    <ClCompile Include="src\main.cpp" />
    <ClCompile Include="src\Input\InputSubsystem.cpp">
      <Filter>Input</Filter>
    </ClCompile>
    <ClCompile Include="src\Rendering\VulkanEngine.cpp">
      <Filter>Rendering</Filter>
    </ClCompile>
    <ClCompile Include="src\UI\UIManager.cpp">
      <Filter>UI</Filter>
    </ClCompile>
    <ClCompile Include="..\imgui\misc\cpp\imgui_stdlib.cpp">
      <Filter>Libraries\ImGui</Filter>
    </ClCompile>
    <ClCompile Include="..\imgui\imgui.cpp">
      <Filter>Libraries\ImGui</Filter>
    </ClCompile>
    <ClCompile Include="..\imgui\imgui_demo.cpp">
      <Filter>Libraries\ImGui</Filter>
    </ClCompile>
    <ClCompile Include="..\imgui\imgui_draw.cpp">
      <Filter>Libraries\ImGui</Filter>
    </ClCompile>
    <ClCompile Include="..\imgui\imgui_tables.cpp">
      <Filter>Libraries\ImGui</Filter>
    </ClCompile>
    <ClCompile Include="..\imgui\imgui_widgets.cpp">
      <Filter>Libraries\ImGui</Filter>
    </ClCompile>
    <ClCompile Include="..\imgui\backends\imgui_impl_glfw.cpp">
      <Filter>Libraries\ImGui</Filter>
    </ClCompile>
    <ClCompile Include="include\imgui\imgui_impl_vulkan.cpp">
      <Filter>Libraries\ImGui</Filter>
    </ClCompile>
    <ClCompile Include="src\ManipulationGizmo.cpp" />
    <ClCompile Include="src\Scripting\AngelScriptSystem.cpp">
      <Filter>Scripting</Filter>
    </ClCompile>
    <ClCompile Include="src\Rendering\VKDeferredRender.cpp">
      <Filter>Rendering</Filter>
    </ClCompile>
    <ClCompile Include="src\Rendering\VKDescriptors.cpp">
      <Filter>Rendering\Helper Classes</Filter>
    </ClCompile>
    <ClCompile Include="src\Rendering\VKHelper.cpp">
      <Filter>Rendering\Helper Classes</Filter>
    </ClCompile>
    <ClCompile Include="src\Assets\MeshAsset.cpp">
      <Filter>Assets</Filter>
    </ClCompile>
    <ClCompile Include="src\Physics\Shapes\BoxShape2D.cpp">
      <Filter>Physics\CustomPhysics2D\Shapes</Filter>
    </ClCompile>
    <ClCompile Include="src\Physics\Shapes\CircleShape2D.cpp">
      <Filter>Physics\CustomPhysics2D\Shapes</Filter>
    </ClCompile>
    <ClCompile Include="src\Physics\Colliders\CircleCollider2D.cpp">
      <Filter>Physics\CustomPhysics2D\Colliders</Filter>
    </ClCompile>
    <ClCompile Include="src\Physics\Colliders\BoxCollider2D.cpp">
      <Filter>Physics\CustomPhysics2D\Colliders</Filter>
    </ClCompile>
    <ClCompile Include="src\Assets\AssetRegistry.cpp">
      <Filter>Assets</Filter>
    </ClCompile>
    <ClCompile Include="src\Audio\AudioSubsystem.cpp">
      <Filter>Audio</Filter>
    </ClCompile>
    <ClCompile Include="src\Assets\TextureAsset.cpp">
      <Filter>Assets</Filter>
    </ClCompile>
    <ClCompile Include="src\Physics\Colliders\PolygonCollider2D.cpp">
      <Filter>Physics\CustomPhysics2D\Colliders</Filter>
    </ClCompile>
    <ClCompile Include="src\Physics\PhysicsSystem2D.cpp">
      <Filter>Physics\CustomPhysics2D</Filter>
    </ClCompile>
    <ClCompile Include="src\Physics\Box2D\Box2DPhysicsSystem.cpp">
      <Filter>Physics\Box2D</Filter>
    </ClCompile>
    <ClCompile Include="..\box2d\src\collision\b2_broad_phase.cpp">
      <Filter>Libraries\Box2D</Filter>
    </ClCompile>
    <ClCompile Include="..\box2d\src\collision\b2_chain_shape.cpp">
      <Filter>Libraries\Box2D</Filter>
    </ClCompile>
    <ClCompile Include="..\box2d\src\collision\b2_circle_shape.cpp">
      <Filter>Libraries\Box2D</Filter>
    </ClCompile>
    <ClCompile Include="..\box2d\src\collision\b2_collide_circle.cpp">
      <Filter>Libraries\Box2D</Filter>
    </ClCompile>
    <ClCompile Include="..\box2d\src\collision\b2_collide_edge.cpp">
      <Filter>Libraries\Box2D</Filter>
    </ClCompile>
    <ClCompile Include="..\box2d\src\collision\b2_collide_polygon.cpp">
      <Filter>Libraries\Box2D</Filter>
    </ClCompile>
    <ClCompile Include="..\box2d\src\collision\b2_collision.cpp">
      <Filter>Libraries\Box2D</Filter>
    </ClCompile>
    <ClCompile Include="..\box2d\src\collision\b2_distance.cpp">
      <Filter>Libraries\Box2D</Filter>
    </ClCompile>
    <ClCompile Include="..\box2d\src\collision\b2_dynamic_tree.cpp">
      <Filter>Libraries\Box2D</Filter>
    </ClCompile>
    <ClCompile Include="..\box2d\src\collision\b2_edge_shape.cpp">
      <Filter>Libraries\Box2D</Filter>
    </ClCompile>
    <ClCompile Include="..\box2d\src\collision\b2_polygon_shape.cpp">
      <Filter>Libraries\Box2D</Filter>
    </ClCompile>
    <ClCompile Include="..\box2d\src\collision\b2_time_of_impact.cpp">
      <Filter>Libraries\Box2D</Filter>
    </ClCompile>
    <ClCompile Include="..\box2d\src\common\b2_block_allocator.cpp">
      <Filter>Libraries\Box2D</Filter>
    </ClCompile>
    <ClCompile Include="..\box2d\src\common\b2_draw.cpp">
      <Filter>Libraries\Box2D</Filter>
    </ClCompile>
    <ClCompile Include="..\box2d\src\common\b2_math.cpp">
      <Filter>Libraries\Box2D</Filter>
    </ClCompile>
    <ClCompile Include="..\box2d\src\common\b2_settings.cpp">
      <Filter>Libraries\Box2D</Filter>
    </ClCompile>
    <ClCompile Include="..\box2d\src\common\b2_stack_allocator.cpp">
      <Filter>Libraries\Box2D</Filter>
    </ClCompile>
    <ClCompile Include="..\box2d\src\common\b2_timer.cpp">
      <Filter>Libraries\Box2D</Filter>
    </ClCompile>
    <ClCompile Include="..\box2d\src\dynamics\b2_body.cpp">
      <Filter>Libraries\Box2D</Filter>
    </ClCompile>
    <ClCompile Include="..\box2d\src\dynamics\b2_chain_circle_contact.cpp">
      <Filter>Libraries\Box2D</Filter>
    </ClCompile>
    <ClCompile Include="..\box2d\src\dynamics\b2_chain_polygon_contact.cpp">
      <Filter>Libraries\Box2D</Filter>
    </ClCompile>
    <ClCompile Include="..\box2d\src\dynamics\b2_circle_contact.cpp">
      <Filter>Libraries\Box2D</Filter>
    </ClCompile>
    <ClCompile Include="..\box2d\src\dynamics\b2_contact.cpp">
      <Filter>Libraries\Box2D</Filter>
    </ClCompile>
    <ClCompile Include="..\box2d\src\dynamics\b2_contact_manager.cpp">
      <Filter>Libraries\Box2D</Filter>
    </ClCompile>
    <ClCompile Include="..\box2d\src\dynamics\b2_contact_solver.cpp">
      <Filter>Libraries\Box2D</Filter>
    </ClCompile>
    <ClCompile Include="..\box2d\src\dynamics\b2_distance_joint.cpp">
      <Filter>Libraries\Box2D</Filter>
    </ClCompile>
    <ClCompile Include="..\box2d\src\dynamics\b2_edge_circle_contact.cpp">
      <Filter>Libraries\Box2D</Filter>
    </ClCompile>
    <ClCompile Include="..\box2d\src\dynamics\b2_edge_polygon_contact.cpp">
      <Filter>Libraries\Box2D</Filter>
    </ClCompile>
    <ClCompile Include="..\box2d\src\dynamics\b2_fixture.cpp">
      <Filter>Libraries\Box2D</Filter>
    </ClCompile>
    <ClCompile Include="..\box2d\src\dynamics\b2_friction_joint.cpp">
      <Filter>Libraries\Box2D</Filter>
    </ClCompile>
    <ClCompile Include="..\box2d\src\dynamics\b2_gear_joint.cpp">
      <Filter>Libraries\Box2D</Filter>
    </ClCompile>
    <ClCompile Include="..\box2d\src\dynamics\b2_island.cpp">
      <Filter>Libraries\Box2D</Filter>
    </ClCompile>
    <ClCompile Include="..\box2d\src\dynamics\b2_joint.cpp">
      <Filter>Libraries\Box2D</Filter>
    </ClCompile>
    <ClCompile Include="..\box2d\src\dynamics\b2_motor_joint.cpp">
      <Filter>Libraries\Box2D</Filter>
    </ClCompile>
    <ClCompile Include="..\box2d\src\dynamics\b2_mouse_joint.cpp">
      <Filter>Libraries\Box2D</Filter>
    </ClCompile>
    <ClCompile Include="..\box2d\src\dynamics\b2_polygon_circle_contact.cpp">
      <Filter>Libraries\Box2D</Filter>
    </ClCompile>
    <ClCompile Include="..\box2d\src\dynamics\b2_polygon_contact.cpp">
      <Filter>Libraries\Box2D</Filter>
    </ClCompile>
    <ClCompile Include="..\box2d\src\dynamics\b2_prismatic_joint.cpp">
      <Filter>Libraries\Box2D</Filter>
    </ClCompile>
    <ClCompile Include="..\box2d\src\dynamics\b2_pulley_joint.cpp">
      <Filter>Libraries\Box2D</Filter>
    </ClCompile>
    <ClCompile Include="..\box2d\src\dynamics\b2_revolute_joint.cpp">
      <Filter>Libraries\Box2D</Filter>
    </ClCompile>
    <ClCompile Include="..\box2d\src\dynamics\b2_weld_joint.cpp">
      <Filter>Libraries\Box2D</Filter>
    </ClCompile>
    <ClCompile Include="..\box2d\src\dynamics\b2_wheel_joint.cpp">
      <Filter>Libraries\Box2D</Filter>
    </ClCompile>
    <ClCompile Include="..\box2d\src\dynamics\b2_world.cpp">
      <Filter>Libraries\Box2D</Filter>
    </ClCompile>
    <ClCompile Include="..\box2d\src\dynamics\b2_world_callbacks.cpp">
      <Filter>Libraries\Box2D</Filter>
    </ClCompile>
    <ClCompile Include="..\box2d\src\rope\b2_rope.cpp">
      <Filter>Libraries\Box2D</Filter>
    </ClCompile>
    <ClCompile Include="src\Physics\Box2D\Box2DContactListener.cpp">
      <Filter>Physics\Box2D</Filter>
    </ClCompile>
    <ClCompile Include="src\UI\Windows\UIWindow.cpp">
      <Filter>UI\Windows</Filter>
    </ClCompile>
    <ClCompile Include="src\UI\Windows\UIWindowEntityProperties.cpp">
      <Filter>UI\Windows</Filter>
    </ClCompile>
    <ClCompile Include="src\UI\Windows\UIWindowPerformance.cpp">
      <Filter>UI\Windows</Filter>
    </ClCompile>
    <ClCompile Include="src\UI\Windows\UIWindowSceneHierarchy.cpp">
      <Filter>UI\Windows</Filter>
    </ClCompile>
    <ClCompile Include="src\UI\Windows\UIWindowSettings.cpp">
      <Filter>UI\Windows</Filter>
    </ClCompile>
    <ClCompile Include="src\UI\Windows\UIWindowViewport.cpp">
      <Filter>UI\Windows</Filter>
    </ClCompile>
    <ClCompile Include="src\UI\Windows\UIContentBrowser.cpp">
      <Filter>UI\Windows</Filter>
    </ClCompile>
    <ClCompile Include="C:\Libraries\angelscript\sdk\add_on\scriptarray\scriptarray.cpp">
      <Filter>Scripting\Addons</Filter>
    </ClCompile>
    <ClCompile Include="C:\Libraries\angelscript\sdk\add_on\scriptbuilder\scriptbuilder.cpp">
      <Filter>Scripting\Addons</Filter>
    </ClCompile>
    <ClCompile Include="C:\Libraries\angelscript\sdk\add_on\scriptstdstring\scriptstdstring.cpp">
      <Filter>Scripting\Addons</Filter>
    </ClCompile>
    <ClCompile Include="C:\Libraries\angelscript\sdk\add_on\scriptstdstring\scriptstdstring_utils.cpp">
      <Filter>Scripting\Addons</Filter>
    </ClCompile>
    <ClCompile Include="src\Engine\Application.cpp">
      <Filter>Engine</Filter>
    </ClCompile>
    <ClCompile Include="src\Engine\Engine.cpp">
      <Filter>Engine</Filter>
    </ClCompile>
  </ItemGroup>
  <ItemGroup>
    <ClInclude Include="include\vk-boostrap\VkBootstrap.h">
      <Filter>Libraries\VK-Bootstrap</Filter>
    </ClInclude>
    <ClInclude Include="src\ProjectSettings.h" />
    <ClInclude Include="src\SerializeScene.h" />
    <ClInclude Include="src\ecs\ECS.h">
      <Filter>ECS</Filter>
    </ClInclude>
    <ClInclude Include="src\Input\InputSubsystem.h">
      <Filter>Input</Filter>
    </ClInclude>
    <ClInclude Include="src\Rendering\VKTexture.h">
      <Filter>Rendering</Filter>
    </ClInclude>
    <ClInclude Include="src\Rendering\VKTypes.h">
      <Filter>Rendering</Filter>
    </ClInclude>
    <ClInclude Include="src\Rendering\VulkanEngine.h">
      <Filter>Rendering</Filter>
    </ClInclude>
    <ClInclude Include="src\Types\Vector.h">
      <Filter>Types</Filter>
    </ClInclude>
    <ClInclude Include="src\UI\UIManager.h">
      <Filter>UI</Filter>
    </ClInclude>
    <ClInclude Include="..\imgui\misc\cpp\imgui_stdlib.h">
      <Filter>Libraries\ImGui</Filter>
    </ClInclude>
    <ClInclude Include="..\imgui\imgui.h">
      <Filter>Libraries\ImGui</Filter>
    </ClInclude>
    <ClInclude Include="..\imgui\backends\imgui_impl_glfw.h">
      <Filter>Libraries\ImGui</Filter>
    </ClInclude>
    <ClInclude Include="include\imgui\imgui_impl_vulkan.h">
      <Filter>Libraries\ImGui</Filter>
    </ClInclude>
    <ClInclude Include="src\Components\Rendering\CameraComponent.h">
      <Filter>Components\Rendering</Filter>
    </ClInclude>
    <ClInclude Include="src\Components\Rendering\LightComponent.h">
      <Filter>Components\Rendering</Filter>
    </ClInclude>
    <ClInclude Include="src\Components\Rendering\MeshComponent.h">
      <Filter>Components\Rendering</Filter>
    </ClInclude>
    <ClInclude Include="src\Rendering\DebugDraw.h">
      <Filter>Rendering</Filter>
    </ClInclude>
    <ClInclude Include="src\ManipulationGizmo.h" />
    <ClInclude Include="src\ECS\System.hpp">
      <Filter>ECS</Filter>
    </ClInclude>
    <ClInclude Include="src\Types\RingBuffer.h">
      <Filter>Types</Filter>
    </ClInclude>
    <ClInclude Include="src\Scripting\AngelScriptSystem.h">
      <Filter>Scripting</Filter>
    </ClInclude>
    <ClInclude Include="src\Components\AngelScriptComponent.h">
      <Filter>Components</Filter>
    </ClInclude>
    <ClInclude Include="src\Rendering\VKDeferredRender.h">
      <Filter>Rendering</Filter>
    </ClInclude>
    <ClInclude Include="src\Rendering\VKDebug.h">
      <Filter>Rendering\Helper Classes</Filter>
    </ClInclude>
    <ClInclude Include="src\Rendering\VKDescriptors.h">
      <Filter>Rendering\Helper Classes</Filter>
    </ClInclude>
    <ClInclude Include="src\Rendering\VKInitializers.h">
      <Filter>Rendering\Helper Classes</Filter>
    </ClInclude>
    <ClInclude Include="src\Rendering\VKHelper.h">
      <Filter>Rendering\Helper Classes</Filter>
    </ClInclude>
    <ClInclude Include="src\Rendering\VKPipeline.h">
      <Filter>Rendering\Helper Classes</Filter>
    </ClInclude>
    <ClInclude Include="src\MathHelpers.h" />
    <ClInclude Include="src\Types\Matrix.h">
      <Filter>Types</Filter>
    </ClInclude>
    <ClInclude Include="src\Types\Quat.h">
      <Filter>Types</Filter>
    </ClInclude>
    <ClInclude Include="src\Types\UUID.h">
      <Filter>Types</Filter>
    </ClInclude>
    <ClInclude Include="src\Assets\MeshAsset.h">
      <Filter>Assets</Filter>
    </ClInclude>
    <ClInclude Include="src\Physics\Shapes\Shape2D.h">
      <Filter>Physics\CustomPhysics2D\Shapes</Filter>
    </ClInclude>
    <ClInclude Include="src\Physics\Shapes\BoxShape2D.h">
      <Filter>Physics\CustomPhysics2D\Shapes</Filter>
    </ClInclude>
    <ClInclude Include="src\Physics\Shapes\CircleShape2D.h">
      <Filter>Physics\CustomPhysics2D\Shapes</Filter>
    </ClInclude>
    <ClInclude Include="src\Types\ComponentFlags.h">
      <Filter>Types</Filter>
    </ClInclude>
    <ClInclude Include="src\Physics\Colliders\BoxCollider2D.h">
      <Filter>Physics\CustomPhysics2D\Colliders</Filter>
    </ClInclude>
    <ClInclude Include="src\Physics\Colliders\CircleCollider2D.h">
      <Filter>Physics\CustomPhysics2D\Colliders</Filter>
    </ClInclude>
    <ClInclude Include="src\Physics\Colliders\Collider2D.h">
      <Filter>Physics\CustomPhysics2D\Colliders</Filter>
    </ClInclude>
    <ClInclude Include="src\Assets\AssetRegistry.h">
      <Filter>Assets</Filter>
    </ClInclude>
    <ClInclude Include="src\Assets\Asset.h">
      <Filter>Assets</Filter>
    </ClInclude>
    <ClInclude Include="src\Assets\TextureAsset.h">
      <Filter>Assets</Filter>
    </ClInclude>
    <ClInclude Include="src\Assets\Importers\ModelImporter.h">
      <Filter>Assets\Importers</Filter>
    </ClInclude>
    <ClInclude Include="src\Assets\Importers\TextureImporter.h">
      <Filter>Assets\Importers</Filter>
    </ClInclude>
    <ClInclude Include="src\Audio\AudioSubsystem.h">
      <Filter>Audio</Filter>
    </ClInclude>
    <ClInclude Include="src\Rendering\vk_mem_alloc.h">
      <Filter>Libraries\VMA</Filter>
    </ClInclude>
    <ClInclude Include="src\Assets\SoundAsset.h">
      <Filter>Assets</Filter>
    </ClInclude>
    <ClInclude Include="src\Input\InputEvent.h">
      <Filter>Input</Filter>
    </ClInclude>
    <ClInclude Include="src\Scripting\RegisterTypeHelpers.h">
      <Filter>Scripting</Filter>
    </ClInclude>
    <ClInclude Include="src\Types\PackedArray.h">
      <Filter>Types</Filter>
    </ClInclude>
    <ClInclude Include="src\Physics\Shapes\PolygonShape2D.h">
      <Filter>Physics\CustomPhysics2D\Shapes</Filter>
    </ClInclude>
    <ClInclude Include="src\Physics\Colliders\PolygonCollider2D.h">
      <Filter>Physics\CustomPhysics2D\Colliders</Filter>
    </ClInclude>
    <ClInclude Include="src\Components\TransformComponent.h">
      <Filter>Components</Filter>
    </ClInclude>
    <ClInclude Include="src\Physics\PhysicsHelpers2D.h">
      <Filter>Physics\CustomPhysics2D</Filter>
    </ClInclude>
    <ClInclude Include="src\Physics\PhysicsSystem2D.h">
      <Filter>Physics\CustomPhysics2D</Filter>
    </ClInclude>
    <ClInclude Include="src\Physics\PhysicsTypes2D.h">
      <Filter>Physics\CustomPhysics2D</Filter>
    </ClInclude>
    <ClInclude Include="src\Physics\Box2D\Box2DPhysicsSystem.h">
      <Filter>Physics\Box2D</Filter>
    </ClInclude>
    <ClInclude Include="src\Components\Physics\RigidbodyComponent2D.h">
      <Filter>Components\Physics\PuffinPhysics2D</Filter>
    </ClInclude>
    <ClInclude Include="src\Components\Physics\ShapeComponents2D.h">
      <Filter>Components\Physics\PuffinPhysics2D</Filter>
    </ClInclude>
    <ClInclude Include="src\Components\Physics\Box2D\Box2DRigidbodyComponent.h">
      <Filter>Components\Physics\Box2D</Filter>
    </ClInclude>
    <ClInclude Include="src\Components\Physics\Box2D\Box2DShapeComponents.h">
      <Filter>Components\Physics\Box2D</Filter>
    </ClInclude>
    <ClInclude Include="..\box2d\src\dynamics\b2_chain_circle_contact.h">
      <Filter>Libraries\Box2D</Filter>
    </ClInclude>
    <ClInclude Include="..\box2d\src\dynamics\b2_chain_polygon_contact.h">
      <Filter>Libraries\Box2D</Filter>
    </ClInclude>
    <ClInclude Include="..\box2d\src\dynamics\b2_circle_contact.h">
      <Filter>Libraries\Box2D</Filter>
    </ClInclude>
    <ClInclude Include="..\box2d\src\dynamics\b2_contact_solver.h">
      <Filter>Libraries\Box2D</Filter>
    </ClInclude>
    <ClInclude Include="..\box2d\src\dynamics\b2_edge_circle_contact.h">
      <Filter>Libraries\Box2D</Filter>
    </ClInclude>
    <ClInclude Include="..\box2d\src\dynamics\b2_edge_polygon_contact.h">
      <Filter>Libraries\Box2D</Filter>
    </ClInclude>
    <ClInclude Include="..\box2d\src\dynamics\b2_island.h">
      <Filter>Libraries\Box2D</Filter>
    </ClInclude>
    <ClInclude Include="..\box2d\src\dynamics\b2_polygon_circle_contact.h">
      <Filter>Libraries\Box2D</Filter>
    </ClInclude>
    <ClInclude Include="..\box2d\src\dynamics\b2_polygon_contact.h">
      <Filter>Libraries\Box2D</Filter>
    </ClInclude>
    <ClInclude Include="src\Physics\Box2D\CollisionEvent.h">
      <Filter>Physics\Box2D</Filter>
    </ClInclude>
    <ClInclude Include="src\Physics\Box2D\Box2DContactListener.h">
      <Filter>Physics\Box2D</Filter>
    </ClInclude>
    <ClInclude Include="src\ECS\Entity.h">
      <Filter>ECS</Filter>
    </ClInclude>
    <ClInclude Include="src\UI\Windows\UIWindow.h">
      <Filter>UI\Windows</Filter>
    </ClInclude>
    <ClInclude Include="src\UI\Windows\UIWindowEntityProperties.h">
      <Filter>UI\Windows</Filter>
    </ClInclude>
    <ClInclude Include="src\UI\Windows\UIWindowPerformance.h">
      <Filter>UI\Windows</Filter>
    </ClInclude>
    <ClInclude Include="src\UI\Windows\UIWindowSceneHierarchy.h">
      <Filter>UI\Windows</Filter>
    </ClInclude>
    <ClInclude Include="src\UI\Windows\UIWindowSettings.h">
      <Filter>UI\Windows</Filter>
    </ClInclude>
    <ClInclude Include="src\UI\Windows\UIWindowViewport.h">
      <Filter>UI\Windows</Filter>
    </ClInclude>
    <ClInclude Include="src\UI\Windows\UIContentBrowser.h">
      <Filter>UI\Windows</Filter>
    </ClInclude>
    <ClInclude Include="src\ECS\ComponentType.h">
      <Filter>ECS</Filter>
    </ClInclude>
    <ClInclude Include="C:\Libraries\angelscript\sdk\add_on\scriptarray\scriptarray.h">
      <Filter>Scripting\Addons</Filter>
    </ClInclude>
    <ClInclude Include="C:\Libraries\angelscript\sdk\add_on\scriptbuilder\scriptbuilder.h">
      <Filter>Scripting\Addons</Filter>
    </ClInclude>
    <ClInclude Include="C:\Libraries\angelscript\sdk\add_on\scriptstdstring\scriptstdstring.h">
      <Filter>Scripting\Addons</Filter>
    </ClInclude>
    <ClInclude Include="src\ECS\EntityID.h">
      <Filter>ECS</Filter>
    </ClInclude>
    <ClInclude Include="src\Engine\Application.hpp">
      <Filter>Engine</Filter>
    </ClInclude>
    <ClInclude Include="src\Engine\Subsystem.hpp">
      <Filter>Engine</Filter>
    </ClInclude>
    <ClInclude Include="src\Engine\Engine.hpp">
      <Filter>Engine</Filter>
    </ClInclude>
    <ClInclude Include="src\Engine\EventSubsystem.hpp">
      <Filter>Engine</Filter>
    </ClInclude>
  </ItemGroup>
  <ItemGroup>
    <None Include="content\shaders\debug.frag">
      <Filter>Shaders</Filter>
    </None>
    <None Include="content\shaders\debug.vert">
      <Filter>Shaders</Filter>
    </None>
    <None Include="content\shaders\default_lighting.frag">
      <Filter>Shaders</Filter>
    </None>
    <None Include="content\shaders\default_lighting.vert">
      <Filter>Shaders</Filter>
    </None>
    <None Include="content\shaders\shadowmap.vert">
      <Filter>Shaders</Filter>
    </None>
    <None Include="content\shaders\deferred_geometry.frag">
      <Filter>Shaders\Deferred</Filter>
    </None>
    <None Include="content\shaders\deferred_geometry.vert">
      <Filter>Shaders\Deferred</Filter>
    </None>
    <None Include="content\shaders\deferred_shading.frag">
      <Filter>Shaders\Deferred</Filter>
    </None>
    <None Include="content\shaders\deferred_shading.vert">
      <Filter>Shaders\Deferred</Filter>
    </None>
  </ItemGroup>
</Project>