<?xml version="1.0" encoding="utf-8"?>
<Project ToolsVersion="4.0" xmlns="http://schemas.microsoft.com/developer/msbuild/2003">
  <ItemGroup>
    <Filter Include="Resource Files">
      <UniqueIdentifier>{67DA6AB6-F800-4c08-8B7A-83BB121AAD01}</UniqueIdentifier>
      <Extensions>rc;ico;cur;bmp;dlg;rc2;rct;bin;rgs;gif;jpg;jpeg;jpe;resx;tiff;tif;png;wav;mfcribbon-ms</Extensions>
    </Filter>
    <Filter Include="Shaders">
      <UniqueIdentifier>{1daddb96-15a9-450c-92b2-fec2b8c71850}</UniqueIdentifier>
    </Filter>
    <Filter Include="Physics">
      <UniqueIdentifier>{8e281a85-92bb-4efe-9e35-5300f4cebcb5}</UniqueIdentifier>
    </Filter>
    <Filter Include="Rendering">
      <UniqueIdentifier>{ed595348-c44a-4203-af53-8e9f670cf0c9}</UniqueIdentifier>
    </Filter>
    <Filter Include="Components">
      <UniqueIdentifier>{153ef5b7-8d68-42e8-899b-21c25aa59d9b}</UniqueIdentifier>
    </Filter>
    <Filter Include="Types">
      <UniqueIdentifier>{19004f93-de56-4500-a8ca-ce00b4f542de}</UniqueIdentifier>
    </Filter>
    <Filter Include="UI">
      <UniqueIdentifier>{f85018ca-a79a-43dc-8574-6a50af0664fa}</UniqueIdentifier>
    </Filter>
    <Filter Include="Input">
      <UniqueIdentifier>{1a471ca7-c49b-4955-b4a3-87fdc3a6f73f}</UniqueIdentifier>
    </Filter>
    <Filter Include="Procedural">
      <UniqueIdentifier>{a3625e4d-1aa7-407c-bbf5-b4f0af9081b4}</UniqueIdentifier>
    </Filter>
    <Filter Include="ImGui">
      <UniqueIdentifier>{924ac048-2fff-4db3-8182-bb21b3b8f7ab}</UniqueIdentifier>
    </Filter>
    <Filter Include="ECS">
      <UniqueIdentifier>{5bec5de3-2573-4ab0-ac63-591b832acd07}</UniqueIdentifier>
    </Filter>
    <Filter Include="Physics\BulletPhysics">
      <UniqueIdentifier>{fed274dd-404f-4fc4-880a-a16640bb95b8}</UniqueIdentifier>
    </Filter>
    <Filter Include="Rendering\VK-Bootstrap">
      <UniqueIdentifier>{484cd380-1c92-4f70-86ee-81edf0f8e251}</UniqueIdentifier>
    </Filter>
  </ItemGroup>
  <ItemGroup>
    <ClCompile Include="Engine.cpp" />
    <ClCompile Include="Main.cpp" />
    <ClCompile Include="InputManager.cpp">
      <Filter>Input</Filter>
    </ClCompile>
    <ClCompile Include="Vector.h">
      <Filter>Types</Filter>
    </ClCompile>
    <ClCompile Include="UIManager.cpp">
      <Filter>UI</Filter>
    </ClCompile>
    <ClCompile Include="UIWindow.cpp">
      <Filter>UI</Filter>
    </ClCompile>
    <ClCompile Include="UIWindowViewport.cpp">
      <Filter>UI</Filter>
    </ClCompile>
    <ClCompile Include="UIWindowSettings.cpp">
      <Filter>UI</Filter>
    </ClCompile>
    <ClCompile Include="UIWindowEntityProperties.cpp">
      <Filter>UI</Filter>
    </ClCompile>
    <ClCompile Include="UIWindowPerformance.cpp">
      <Filter>UI</Filter>
    </ClCompile>
    <ClCompile Include="UIWindowSceneHierarchy.cpp">
      <Filter>UI</Filter>
    </ClCompile>
    <ClCompile Include="BulletPhysicsSystem.cpp">
      <Filter>Physics\BulletPhysics</Filter>
    </ClCompile>
    <ClCompile Include="include\imgui\imgui.cpp">
      <Filter>ImGui</Filter>
    </ClCompile>
    <ClCompile Include="include\imgui\imgui_demo.cpp">
      <Filter>ImGui</Filter>
    </ClCompile>
    <ClCompile Include="include\imgui\imgui_draw.cpp">
      <Filter>ImGui</Filter>
    </ClCompile>
    <ClCompile Include="include\imgui\imgui_impl_glfw.cpp">
      <Filter>ImGui</Filter>
    </ClCompile>
    <ClCompile Include="include\imgui\imgui_impl_vulkan.cpp">
      <Filter>ImGui</Filter>
    </ClCompile>
    <ClCompile Include="include\imgui\imgui_widgets.cpp">
      <Filter>ImGui</Filter>
    </ClCompile>
    <ClCompile Include="include\imgui\imgui_stdlib.cpp">
      <Filter>ImGui</Filter>
    </ClCompile>
    <ClCompile Include="include\vk-boostrap\VkBootstrap.cpp">
      <Filter>Rendering\VK-Bootstrap</Filter>
    </ClCompile>
    <ClCompile Include="VulkanEngine.cpp">
      <Filter>Rendering</Filter>
    </ClCompile>
  </ItemGroup>
  <ItemGroup>
    <None Include="shaders\shader.frag">
      <Filter>Shaders</Filter>
    </None>
    <None Include="shaders\shader.vert">
      <Filter>Shaders</Filter>
    </None>
  </ItemGroup>
  <ItemGroup>
    <ClInclude Include="ModelLoader.h">
      <Filter>Rendering</Filter>
    </ClInclude>
    <ClInclude Include="Engine.h" />
    <ClInclude Include="TransformComponent.h">
      <Filter>Components</Filter>
    </ClInclude>
    <ClInclude Include="VectorConversion.h">
      <Filter>Types</Filter>
    </ClInclude>
    <ClInclude Include="MeshComponent.h">
      <Filter>Rendering</Filter>
    </ClInclude>
    <ClInclude Include="InputManager.h">
      <Filter>Input</Filter>
    </ClInclude>
    <ClInclude Include="ProceduralMeshGenerator.h">
      <Filter>Procedural</Filter>
    </ClInclude>
    <ClInclude Include="UIManager.h">
      <Filter>UI</Filter>
    </ClInclude>
    <ClInclude Include="UIWindow.h">
      <Filter>UI</Filter>
    </ClInclude>
    <ClInclude Include="UIWindowViewport.h">
      <Filter>UI</Filter>
    </ClInclude>
    <ClInclude Include="UIWindowSettings.h">
      <Filter>UI</Filter>
    </ClInclude>
    <ClInclude Include="UIWindowEntityProperties.h">
      <Filter>UI</Filter>
    </ClInclude>
    <ClInclude Include="UIWindowPerformance.h">
      <Filter>UI</Filter>
    </ClInclude>
    <ClInclude Include="UIWindowSceneHierarchy.h">
      <Filter>UI</Filter>
    </ClInclude>
    <ClInclude Include="ECS.h">
      <Filter>ECS</Filter>
    </ClInclude>
    <ClInclude Include="LightComponent.h">
      <Filter>Rendering</Filter>
    </ClInclude>
    <ClInclude Include="CameraComponent.h">
      <Filter>Rendering</Filter>
    </ClInclude>
    <ClInclude Include="BulletPhysicsSystem.h">
      <Filter>Physics\BulletPhysics</Filter>
    </ClInclude>
    <ClInclude Include="include\imgui\imfilebrowser.h">
      <Filter>ImGui</Filter>
    </ClInclude>
    <ClInclude Include="include\imgui\imgui.h">
      <Filter>ImGui</Filter>
    </ClInclude>
    <ClInclude Include="include\imgui\imgui_impl_glfw.h">
      <Filter>ImGui</Filter>
    </ClInclude>
    <ClInclude Include="include\imgui\imgui_impl_vulkan.h">
      <Filter>ImGui</Filter>
    </ClInclude>
    <ClInclude Include="ProjectSettings.h" />
    <ClInclude Include="SerializeScene.h" />
    <ClInclude Include="BaseComponent.h">
      <Filter>Components</Filter>
    </ClInclude>
    <ClInclude Include="RigidbodyComponent.h">
      <Filter>Physics\BulletPhysics</Filter>
    </ClInclude>
    <ClInclude Include="include\imgui\imgui_stdlib.h">
      <Filter>ImGui</Filter>
    </ClInclude>
    <ClInclude Include="include\vk-boostrap\VkBootstrap.h">
      <Filter>Rendering\VK-Bootstrap</Filter>
    </ClInclude>
    <ClInclude Include="VKTypes.h">
      <Filter>Rendering</Filter>
    </ClInclude>
    <ClInclude Include="VKPipeline.h">
      <Filter>Rendering</Filter>
    </ClInclude>
    <ClInclude Include="VKInitializers.h">
      <Filter>Rendering</Filter>
    </ClInclude>
    <ClInclude Include="VKTexture.h">
      <Filter>Rendering</Filter>
    </ClInclude>
    <ClInclude Include="VulkanEngine.h">
      <Filter>Rendering</Filter>
    </ClInclude>
  </ItemGroup>
</Project>